
Microsoft Visual Studio Solution File, Format Version 12.00
# Visual Studio 2013
VisualStudioVersion = 12.0.30501.0
MinimumVisualStudioVersion = 10.0.40219.1
Project("{FAE04EC0-301F-11D3-BF4B-00C04F79EFBC}") = "MapEditor", "MapEditor\MapEditor.csproj", "{BF7830A9-B0C4-4B4D-829F-333C732FA91A}"
EndProject
Project("{FAE04EC0-301F-11D3-BF4B-00C04F79EFBC}") = "MapEditorViewModels", "MapEditorViewModels\MapEditorViewModels.csproj", "{EC152090-7562-4E86-A691-CF42E0199FDF}"
EndProject
Project("{FAE04EC0-301F-11D3-BF4B-00C04F79EFBC}") = "MapEditorCoreContent", "MapEditorContent\MapEditorCoreContent.contentproj", "{29EE05A3-F602-4A83-BA96-C2FC100E21FD}"
EndProject
Project("{FAE04EC0-301F-11D3-BF4B-00C04F79EFBC}") = "MapEditorCore", "MapEditorCore\MapEditorCore\MapEditorCore.csproj", "{8A724488-F344-4A79-A7D0-D0D95174752B}"
EndProject
Project("{FAE04EC0-301F-11D3-BF4B-00C04F79EFBC}") = "MapEditorSandbox", "MapEditorSandbox\MapEditorSandbox.csproj", "{4C43CFE3-9904-40D8-AA88-F3536CE73997}"
EndProject
Global
	GlobalSection(SolutionConfigurationPlatforms) = preSolution
		ASD|Any CPU = ASD|Any CPU
		ASD|Mixed Platforms = ASD|Mixed Platforms
		ASD|x86 = ASD|x86
		Debug|Any CPU = Debug|Any CPU
		Debug|Mixed Platforms = Debug|Mixed Platforms
		Debug|x86 = Debug|x86
		Release|Any CPU = Release|Any CPU
		Release|Mixed Platforms = Release|Mixed Platforms
		Release|x86 = Release|x86
	EndGlobalSection
	GlobalSection(ProjectConfigurationPlatforms) = postSolution
		{BF7830A9-B0C4-4B4D-829F-333C732FA91A}.ASD|Any CPU.ActiveCfg = ASD|x86
		{BF7830A9-B0C4-4B4D-829F-333C732FA91A}.ASD|Any CPU.Build.0 = ASD|x86
		{BF7830A9-B0C4-4B4D-829F-333C732FA91A}.ASD|Mixed Platforms.ActiveCfg = ASD|x86
		{BF7830A9-B0C4-4B4D-829F-333C732FA91A}.ASD|Mixed Platforms.Build.0 = ASD|x86
		{BF7830A9-B0C4-4B4D-829F-333C732FA91A}.ASD|x86.ActiveCfg = ASD|x86
		{BF7830A9-B0C4-4B4D-829F-333C732FA91A}.ASD|x86.Build.0 = ASD|x86
		{BF7830A9-B0C4-4B4D-829F-333C732FA91A}.Debug|Any CPU.ActiveCfg = Debug|Any CPU
		{BF7830A9-B0C4-4B4D-829F-333C732FA91A}.Debug|Any CPU.Build.0 = Debug|Any CPU
		{BF7830A9-B0C4-4B4D-829F-333C732FA91A}.Debug|Mixed Platforms.ActiveCfg = Debug|Any CPU
		{BF7830A9-B0C4-4B4D-829F-333C732FA91A}.Debug|Mixed Platforms.Build.0 = Debug|Any CPU
		{BF7830A9-B0C4-4B4D-829F-333C732FA91A}.Debug|x86.ActiveCfg = Debug|Any CPU
		{BF7830A9-B0C4-4B4D-829F-333C732FA91A}.Debug|x86.Build.0 = Debug|Any CPU
		{BF7830A9-B0C4-4B4D-829F-333C732FA91A}.Release|Any CPU.ActiveCfg = Release|Any CPU
		{BF7830A9-B0C4-4B4D-829F-333C732FA91A}.Release|Any CPU.Build.0 = Release|Any CPU
		{BF7830A9-B0C4-4B4D-829F-333C732FA91A}.Release|Mixed Platforms.ActiveCfg = Release|Any CPU
		{BF7830A9-B0C4-4B4D-829F-333C732FA91A}.Release|Mixed Platforms.Build.0 = Release|Any CPU
		{BF7830A9-B0C4-4B4D-829F-333C732FA91A}.Release|x86.ActiveCfg = Release|Any CPU
		{EC152090-7562-4E86-A691-CF42E0199FDF}.ASD|Any CPU.ActiveCfg = ASD|x86
		{EC152090-7562-4E86-A691-CF42E0199FDF}.ASD|Any CPU.Build.0 = ASD|x86
		{EC152090-7562-4E86-A691-CF42E0199FDF}.ASD|Mixed Platforms.ActiveCfg = ASD|x86
		{EC152090-7562-4E86-A691-CF42E0199FDF}.ASD|Mixed Platforms.Build.0 = ASD|x86
		{EC152090-7562-4E86-A691-CF42E0199FDF}.ASD|x86.ActiveCfg = ASD|x86
		{EC152090-7562-4E86-A691-CF42E0199FDF}.ASD|x86.Build.0 = ASD|x86
		{EC152090-7562-4E86-A691-CF42E0199FDF}.Debug|Any CPU.ActiveCfg = Debug|Any CPU
		{EC152090-7562-4E86-A691-CF42E0199FDF}.Debug|Any CPU.Build.0 = Debug|Any CPU
		{EC152090-7562-4E86-A691-CF42E0199FDF}.Debug|Mixed Platforms.ActiveCfg = Debug|Any CPU
		{EC152090-7562-4E86-A691-CF42E0199FDF}.Debug|Mixed Platforms.Build.0 = Debug|Any CPU
		{EC152090-7562-4E86-A691-CF42E0199FDF}.Debug|x86.ActiveCfg = Debug|Any CPU
		{EC152090-7562-4E86-A691-CF42E0199FDF}.Debug|x86.Build.0 = Debug|Any CPU
		{EC152090-7562-4E86-A691-CF42E0199FDF}.Release|Any CPU.ActiveCfg = Release|Any CPU
		{EC152090-7562-4E86-A691-CF42E0199FDF}.Release|Any CPU.Build.0 = Release|Any CPU
		{EC152090-7562-4E86-A691-CF42E0199FDF}.Release|Mixed Platforms.ActiveCfg = Release|Any CPU
		{EC152090-7562-4E86-A691-CF42E0199FDF}.Release|Mixed Platforms.Build.0 = Release|Any CPU
		{EC152090-7562-4E86-A691-CF42E0199FDF}.Release|x86.ActiveCfg = Release|Any CPU
		{29EE05A3-F602-4A83-BA96-C2FC100E21FD}.ASD|Any CPU.ActiveCfg = Debug|Any CPU
		{29EE05A3-F602-4A83-BA96-C2FC100E21FD}.ASD|Mixed Platforms.ActiveCfg = Debug|Any CPU
		{29EE05A3-F602-4A83-BA96-C2FC100E21FD}.ASD|x86.ActiveCfg = Debug|Any CPU
		{29EE05A3-F602-4A83-BA96-C2FC100E21FD}.Debug|Any CPU.ActiveCfg = Debug|Any CPU
		{29EE05A3-F602-4A83-BA96-C2FC100E21FD}.Debug|Mixed Platforms.ActiveCfg = Debug|Any CPU
		{29EE05A3-F602-4A83-BA96-C2FC100E21FD}.Debug|x86.ActiveCfg = Debug|Any CPU
		{29EE05A3-F602-4A83-BA96-C2FC100E21FD}.Release|Any CPU.ActiveCfg = Debug|Any CPU
		{29EE05A3-F602-4A83-BA96-C2FC100E21FD}.Release|Mixed Platforms.ActiveCfg = Debug|Any CPU
		{29EE05A3-F602-4A83-BA96-C2FC100E21FD}.Release|x86.ActiveCfg = Debug|Any CPU
		{8A724488-F344-4A79-A7D0-D0D95174752B}.ASD|Any CPU.ActiveCfg = ASD|x86
		{8A724488-F344-4A79-A7D0-D0D95174752B}.ASD|Any CPU.Build.0 = ASD|x86
		{8A724488-F344-4A79-A7D0-D0D95174752B}.ASD|Mixed Platforms.ActiveCfg = ASD|x86
		{8A724488-F344-4A79-A7D0-D0D95174752B}.ASD|Mixed Platforms.Build.0 = ASD|x86
		{8A724488-F344-4A79-A7D0-D0D95174752B}.ASD|x86.ActiveCfg = ASD|x86
		{8A724488-F344-4A79-A7D0-D0D95174752B}.ASD|x86.Build.0 = ASD|x86
		{8A724488-F344-4A79-A7D0-D0D95174752B}.Debug|Any CPU.ActiveCfg = Debug|x86
		{8A724488-F344-4A79-A7D0-D0D95174752B}.Debug|Any CPU.Build.0 = Debug|x86
		{8A724488-F344-4A79-A7D0-D0D95174752B}.Debug|Mixed Platforms.ActiveCfg = Debug|x86
		{8A724488-F344-4A79-A7D0-D0D95174752B}.Debug|Mixed Platforms.Build.0 = Debug|x86
		{8A724488-F344-4A79-A7D0-D0D95174752B}.Debug|Mixed Platforms.Deploy.0 = Debug|x86
		{8A724488-F344-4A79-A7D0-D0D95174752B}.Debug|x86.ActiveCfg = Debug|x86
		{8A724488-F344-4A79-A7D0-D0D95174752B}.Debug|x86.Build.0 = Debug|x86
		{8A724488-F344-4A79-A7D0-D0D95174752B}.Release|Any CPU.ActiveCfg = Release|x86
		{8A724488-F344-4A79-A7D0-D0D95174752B}.Release|Mixed Platforms.ActiveCfg = Release|x86
		{8A724488-F344-4A79-A7D0-D0D95174752B}.Release|Mixed Platforms.Build.0 = Release|x86
		{8A724488-F344-4A79-A7D0-D0D95174752B}.Release|x86.ActiveCfg = Release|x86
		{8A724488-F344-4A79-A7D0-D0D95174752B}.Release|x86.Build.0 = Release|x86
		{4C43CFE3-9904-40D8-AA88-F3536CE73997}.ASD|Any CPU.ActiveCfg = Release|Any CPU
		{4C43CFE3-9904-40D8-AA88-F3536CE73997}.ASD|Any CPU.Build.0 = Release|Any CPU
		{4C43CFE3-9904-40D8-AA88-F3536CE73997}.ASD|Mixed Platforms.ActiveCfg = Release|Any CPU
		{4C43CFE3-9904-40D8-AA88-F3536CE73997}.ASD|Mixed Platforms.Build.0 = Release|Any CPU
		{4C43CFE3-9904-40D8-AA88-F3536CE73997}.ASD|x86.ActiveCfg = Release|Any CPU
		{4C43CFE3-9904-40D8-AA88-F3536CE73997}.Debug|Any CPU.ActiveCfg = Debug|Any CPU
		{4C43CFE3-9904-40D8-AA88-F3536CE73997}.Debug|Any CPU.Build.0 = Debug|Any CPU
		{4C43CFE3-9904-40D8-AA88-F3536CE73997}.Debug|Mixed Platforms.ActiveCfg = Debug|Any CPU
		{4C43CFE3-9904-40D8-AA88-F3536CE73997}.Debug|Mixed Platforms.Build.0 = Debug|Any CPU
		{4C43CFE3-9904-40D8-AA88-F3536CE73997}.Debug|x86.ActiveCfg = Debug|Any CPU
		{4C43CFE3-9904-40D8-AA88-F3536CE73997}.Release|Any CPU.ActiveCfg = Release|Any CPU
		{4C43CFE3-9904-40D8-AA88-F3536CE73997}.Release|Any CPU.Build.0 = Release|Any CPU
		{4C43CFE3-9904-40D8-AA88-F3536CE73997}.Release|Mixed Platforms.ActiveCfg = Release|Any CPU
		{4C43CFE3-9904-40D8-AA88-F3536CE73997}.Release|Mixed Platforms.Build.0 = Release|Any CPU
		{4C43CFE3-9904-40D8-AA88-F3536CE73997}.Release|x86.ActiveCfg = Release|Any CPU
	EndGlobalSection
	GlobalSection(SolutionProperties) = preSolution
		HideSolutionNode = FALSE
	EndGlobalSection
EndGlobal
